
Microsoft Visual Studio Solution File, Format Version 12.00
Project("{FAE04EC0-301F-11D3-BF4B-00C04F79EFBC}") = "EasySave", "EasySave\EasySave.csproj", "{3E082BEC-1EA5-4355-9C01-7E52C6FFC8FA}"
EndProject
Project("{FAE04EC0-301F-11D3-BF4B-00C04F79EFBC}") = "EasySave_GUI", "EasySave_GUI\EasySave_GUI.csproj", "{AA7A39B3-2964-4E07-9966-F2D480AE45F8}"
EndProject
Global
	GlobalSection(SolutionConfigurationPlatforms) = preSolution
		Debug|Any CPU = Debug|Any CPU
		Release|Any CPU = Release|Any CPU
	EndGlobalSection
	GlobalSection(ProjectConfigurationPlatforms) = postSolution
		{3E082BEC-1EA5-4355-9C01-7E52C6FFC8FA}.Debug|Any CPU.ActiveCfg = Debug|Any CPU
		{3E082BEC-1EA5-4355-9C01-7E52C6FFC8FA}.Debug|Any CPU.Build.0 = Debug|Any CPU
		{3E082BEC-1EA5-4355-9C01-7E52C6FFC8FA}.Release|Any CPU.ActiveCfg = Release|Any CPU
		{3E082BEC-1EA5-4355-9C01-7E52C6FFC8FA}.Release|Any CPU.Build.0 = Release|Any CPU
		{AA7A39B3-2964-4E07-9966-F2D480AE45F8}.Debug|Any CPU.ActiveCfg = Debug|Any CPU
		{AA7A39B3-2964-4E07-9966-F2D480AE45F8}.Debug|Any CPU.Build.0 = Debug|Any CPU
		{AA7A39B3-2964-4E07-9966-F2D480AE45F8}.Release|Any CPU.ActiveCfg = Release|Any CPU
		{AA7A39B3-2964-4E07-9966-F2D480AE45F8}.Release|Any CPU.Build.0 = Release|Any CPU
	EndGlobalSection
EndGlobal
