
Microsoft Visual Studio Solution File, Format Version 12.00
# Visual Studio Version 17
VisualStudioVersion = 17.8.34322.80
MinimumVisualStudioVersion = 10.0.40219.1
Project("{FAE04EC0-301F-11D3-BF4B-00C04F79EFBC}") = "CryptoSoft", "CryptoSoft.csproj", "{47633088-277E-471C-A0ED-6CB824B379BB}"
EndProject
Global
	GlobalSection(SolutionConfigurationPlatforms) = preSolution
		Debug|Any CPU = Debug|Any CPU
		Release|Any CPU = Release|Any CPU
	EndGlobalSection
	GlobalSection(ProjectConfigurationPlatforms) = postSolution
		{47633088-277E-471C-A0ED-6CB824B379BB}.Debug|Any CPU.ActiveCfg = Debug|Any CPU
		{47633088-277E-471C-A0ED-6CB824B379BB}.Debug|Any CPU.Build.0 = Debug|Any CPU
		{47633088-277E-471C-A0ED-6CB824B379BB}.Release|Any CPU.ActiveCfg = Release|Any CPU
		{47633088-277E-471C-A0ED-6CB824B379BB}.Release|Any CPU.Build.0 = Release|Any CPU
	EndGlobalSection
	GlobalSection(SolutionProperties) = preSolution
		HideSolutionNode = FALSE
	EndGlobalSection
	GlobalSection(ExtensibilityGlobals) = postSolution
		SolutionGuid = {D4AE6032-6122-44AA-BA4C-BC7EF9B214D9}
	EndGlobalSection
EndGlobal
